// !$*UTF8*$!
{
	archiveVersion = 1;
	classes = {
	};
	objectVersion = 46;
	objects = {

/* Begin PBXBuildFile section */
		319C1BAC1CC9274F00EC91C3 /* main.m in Sources */ = {isa = PBXBuildFile; fileRef = 319C1BAB1CC9274F00EC91C3 /* main.m */; };
		319C1BAF1CC9274F00EC91C3 /* AppDelegate.m in Sources */ = {isa = PBXBuildFile; fileRef = 319C1BAE1CC9274F00EC91C3 /* AppDelegate.m */; };
		319C1BB21CC9274F00EC91C3 /* NbaViewController.m in Sources */ = {isa = PBXBuildFile; fileRef = 319C1BB11CC9274F00EC91C3 /* NbaViewController.m */; };
		319C1BB51CC9274F00EC91C3 /* Main.storyboard in Resources */ = {isa = PBXBuildFile; fileRef = 319C1BB31CC9274F00EC91C3 /* Main.storyboard */; };
		319C1BB71CC9274F00EC91C3 /* Assets.xcassets in Resources */ = {isa = PBXBuildFile; fileRef = 319C1BB61CC9274F00EC91C3 /* Assets.xcassets */; };
		319C1BBA1CC9275000EC91C3 /* LaunchScreen.storyboard in Resources */ = {isa = PBXBuildFile; fileRef = 319C1BB81CC9275000EC91C3 /* LaunchScreen.storyboard */; };
		319C1BC51CC9275000EC91C3 /* Sports_App_Final_ProjectTests.m in Sources */ = {isa = PBXBuildFile; fileRef = 319C1BC41CC9275000EC91C3 /* Sports_App_Final_ProjectTests.m */; };
		319C1BD01CC9275000EC91C3 /* Sports_App_Final_ProjectUITests.m in Sources */ = {isa = PBXBuildFile; fileRef = 319C1BCF1CC9275000EC91C3 /* Sports_App_Final_ProjectUITests.m */; };
		319C1BDF1CC92DB600EC91C3 /* MlbViewController.m in Sources */ = {isa = PBXBuildFile; fileRef = 319C1BDE1CC92DB600EC91C3 /* MlbViewController.m */; };
		319C1BE21CC939EE00EC91C3 /* GameStatsViewController.m in Sources */ = {isa = PBXBuildFile; fileRef = 319C1BE11CC939EE00EC91C3 /* GameStatsViewController.m */; };
		319C1BE51CC93A0400EC91C3 /* BettingInfoViewController.m in Sources */ = {isa = PBXBuildFile; fileRef = 319C1BE41CC93A0400EC91C3 /* BettingInfoViewController.m */; };
		31ED5A3E1CD3358700EAD9AB /* Chip Filled-28.png in Resources */ = {isa = PBXBuildFile; fileRef = 31ED5A381CD3358700EAD9AB /* Chip Filled-28.png */; };
		31ED5A3F1CD3358700EAD9AB /* Chip-28.png in Resources */ = {isa = PBXBuildFile; fileRef = 31ED5A391CD3358700EAD9AB /* Chip-28.png */; };
		31ED5A401CD3358700EAD9AB /* Basketball Filled-28.png in Resources */ = {isa = PBXBuildFile; fileRef = 31ED5A3A1CD3358700EAD9AB /* Basketball Filled-28.png */; };
		31ED5A411CD3358700EAD9AB /* Basketball-28.png in Resources */ = {isa = PBXBuildFile; fileRef = 31ED5A3B1CD3358700EAD9AB /* Basketball-28.png */; };
		31ED5A421CD3358700EAD9AB /* Baseball Filled-28.png in Resources */ = {isa = PBXBuildFile; fileRef = 31ED5A3C1CD3358700EAD9AB /* Baseball Filled-28.png */; };
		31ED5A431CD3358700EAD9AB /* Baseball-28.png in Resources */ = {isa = PBXBuildFile; fileRef = 31ED5A3D1CD3358700EAD9AB /* Baseball-28.png */; };
/* End PBXBuildFile section */

/* Begin PBXContainerItemProxy section */
		319C1BC11CC9275000EC91C3 /* PBXContainerItemProxy */ = {
			isa = PBXContainerItemProxy;
			containerPortal = 319C1B9F1CC9274E00EC91C3 /* Project object */;
			proxyType = 1;
			remoteGlobalIDString = 319C1BA61CC9274E00EC91C3;
			remoteInfo = "Sports App Final Project";
		};
		319C1BCC1CC9275000EC91C3 /* PBXContainerItemProxy */ = {
			isa = PBXContainerItemProxy;
			containerPortal = 319C1B9F1CC9274E00EC91C3 /* Project object */;
			proxyType = 1;
			remoteGlobalIDString = 319C1BA61CC9274E00EC91C3;
			remoteInfo = "Sports App Final Project";
		};
/* End PBXContainerItemProxy section */

/* Begin PBXFileReference section */
		319C1BA71CC9274F00EC91C3 /* Sports App Final Project.app */ = {isa = PBXFileReference; explicitFileType = wrapper.application; includeInIndex = 0; path = "Sports App Final Project.app"; sourceTree = BUILT_PRODUCTS_DIR; };
		319C1BAB1CC9274F00EC91C3 /* main.m */ = {isa = PBXFileReference; lastKnownFileType = sourcecode.c.objc; path = main.m; sourceTree = "<group>"; };
		319C1BAD1CC9274F00EC91C3 /* AppDelegate.h */ = {isa = PBXFileReference; lastKnownFileType = sourcecode.c.h; path = AppDelegate.h; sourceTree = "<group>"; };
		319C1BAE1CC9274F00EC91C3 /* AppDelegate.m */ = {isa = PBXFileReference; lastKnownFileType = sourcecode.c.objc; path = AppDelegate.m; sourceTree = "<group>"; };
		319C1BB01CC9274F00EC91C3 /* NbaViewController.h */ = {isa = PBXFileReference; lastKnownFileType = sourcecode.c.h; path = NbaViewController.h; sourceTree = "<group>"; };
		319C1BB11CC9274F00EC91C3 /* NbaViewController.m */ = {isa = PBXFileReference; lastKnownFileType = sourcecode.c.objc; path = NbaViewController.m; sourceTree = "<group>"; };
		319C1BB41CC9274F00EC91C3 /* Base */ = {isa = PBXFileReference; lastKnownFileType = file.storyboard; name = Base; path = Base.lproj/Main.storyboard; sourceTree = "<group>"; };
		319C1BB61CC9274F00EC91C3 /* Assets.xcassets */ = {isa = PBXFileReference; lastKnownFileType = folder.assetcatalog; path = Assets.xcassets; sourceTree = "<group>"; };
		319C1BB91CC9275000EC91C3 /* Base */ = {isa = PBXFileReference; lastKnownFileType = file.storyboard; name = Base; path = Base.lproj/LaunchScreen.storyboard; sourceTree = "<group>"; };
		319C1BBB1CC9275000EC91C3 /* Info.plist */ = {isa = PBXFileReference; lastKnownFileType = text.plist.xml; path = Info.plist; sourceTree = "<group>"; };
		319C1BC01CC9275000EC91C3 /* Sports App Final ProjectTests.xctest */ = {isa = PBXFileReference; explicitFileType = wrapper.cfbundle; includeInIndex = 0; path = "Sports App Final ProjectTests.xctest"; sourceTree = BUILT_PRODUCTS_DIR; };
		319C1BC41CC9275000EC91C3 /* Sports_App_Final_ProjectTests.m */ = {isa = PBXFileReference; lastKnownFileType = sourcecode.c.objc; path = Sports_App_Final_ProjectTests.m; sourceTree = "<group>"; };
		319C1BC61CC9275000EC91C3 /* Info.plist */ = {isa = PBXFileReference; lastKnownFileType = text.plist.xml; path = Info.plist; sourceTree = "<group>"; };
		319C1BCB1CC9275000EC91C3 /* Sports App Final ProjectUITests.xctest */ = {isa = PBXFileReference; explicitFileType = wrapper.cfbundle; includeInIndex = 0; path = "Sports App Final ProjectUITests.xctest"; sourceTree = BUILT_PRODUCTS_DIR; };
		319C1BCF1CC9275000EC91C3 /* Sports_App_Final_ProjectUITests.m */ = {isa = PBXFileReference; lastKnownFileType = sourcecode.c.objc; path = Sports_App_Final_ProjectUITests.m; sourceTree = "<group>"; };
		319C1BD11CC9275000EC91C3 /* Info.plist */ = {isa = PBXFileReference; lastKnownFileType = text.plist.xml; path = Info.plist; sourceTree = "<group>"; };
		319C1BDD1CC92DB600EC91C3 /* MlbViewController.h */ = {isa = PBXFileReference; fileEncoding = 4; lastKnownFileType = sourcecode.c.h; path = MlbViewController.h; sourceTree = "<group>"; };
		319C1BDE1CC92DB600EC91C3 /* MlbViewController.m */ = {isa = PBXFileReference; fileEncoding = 4; lastKnownFileType = sourcecode.c.objc; path = MlbViewController.m; sourceTree = "<group>"; };
		319C1BE01CC939EE00EC91C3 /* GameStatsViewController.h */ = {isa = PBXFileReference; fileEncoding = 4; lastKnownFileType = sourcecode.c.h; path = GameStatsViewController.h; sourceTree = "<group>"; };
		319C1BE11CC939EE00EC91C3 /* GameStatsViewController.m */ = {isa = PBXFileReference; fileEncoding = 4; lastKnownFileType = sourcecode.c.objc; path = GameStatsViewController.m; sourceTree = "<group>"; };
		319C1BE31CC93A0400EC91C3 /* BettingInfoViewController.h */ = {isa = PBXFileReference; fileEncoding = 4; lastKnownFileType = sourcecode.c.h; path = BettingInfoViewController.h; sourceTree = "<group>"; };
		319C1BE41CC93A0400EC91C3 /* BettingInfoViewController.m */ = {isa = PBXFileReference; fileEncoding = 4; lastKnownFileType = sourcecode.c.objc; path = BettingInfoViewController.m; sourceTree = "<group>"; };
		31ED5A381CD3358700EAD9AB /* Chip Filled-28.png */ = {isa = PBXFileReference; lastKnownFileType = image.png; name = "Chip Filled-28.png"; path = "../../../../../../Downloads/Chip Filled-28.png"; sourceTree = "<group>"; };
		31ED5A391CD3358700EAD9AB /* Chip-28.png */ = {isa = PBXFileReference; lastKnownFileType = image.png; name = "Chip-28.png"; path = "../../../../../../Downloads/Chip-28.png"; sourceTree = "<group>"; };
		31ED5A3A1CD3358700EAD9AB /* Basketball Filled-28.png */ = {isa = PBXFileReference; lastKnownFileType = image.png; name = "Basketball Filled-28.png"; path = "../../../../../../Downloads/Basketball Filled-28.png"; sourceTree = "<group>"; };
		31ED5A3B1CD3358700EAD9AB /* Basketball-28.png */ = {isa = PBXFileReference; lastKnownFileType = image.png; name = "Basketball-28.png"; path = "../../../../../../Downloads/Basketball-28.png"; sourceTree = "<group>"; };
		31ED5A3C1CD3358700EAD9AB /* Baseball Filled-28.png */ = {isa = PBXFileReference; lastKnownFileType = image.png; name = "Baseball Filled-28.png"; path = "../../../../../../Downloads/Baseball Filled-28.png"; sourceTree = "<group>"; };
		31ED5A3D1CD3358700EAD9AB /* Baseball-28.png */ = {isa = PBXFileReference; lastKnownFileType = image.png; name = "Baseball-28.png"; path = "../../../../../../Downloads/Baseball-28.png"; sourceTree = "<group>"; };
/* End PBXFileReference section */

/* Begin PBXFrameworksBuildPhase section */
		319C1BA41CC9274E00EC91C3 /* Frameworks */ = {
			isa = PBXFrameworksBuildPhase;
			buildActionMask = 2147483647;
			files = (
			);
			runOnlyForDeploymentPostprocessing = 0;
		};
		319C1BBD1CC9275000EC91C3 /* Frameworks */ = {
			isa = PBXFrameworksBuildPhase;
			buildActionMask = 2147483647;
			files = (
			);
			runOnlyForDeploymentPostprocessing = 0;
		};
		319C1BC81CC9275000EC91C3 /* Frameworks */ = {
			isa = PBXFrameworksBuildPhase;
			buildActionMask = 2147483647;
			files = (
			);
			runOnlyForDeploymentPostprocessing = 0;
		};
/* End PBXFrameworksBuildPhase section */

/* Begin PBXGroup section */
		319C1B9E1CC9274E00EC91C3 = {
			isa = PBXGroup;
			children = (
				319C1BA91CC9274F00EC91C3 /* Sports App Final Project */,
				319C1BC31CC9275000EC91C3 /* Sports App Final ProjectTests */,
				319C1BCE1CC9275000EC91C3 /* Sports App Final ProjectUITests */,
				319C1BA81CC9274F00EC91C3 /* Products */,
			);
			sourceTree = "<group>";
		};
		319C1BA81CC9274F00EC91C3 /* Products */ = {
			isa = PBXGroup;
			children = (
				319C1BA71CC9274F00EC91C3 /* Sports App Final Project.app */,
				319C1BC01CC9275000EC91C3 /* Sports App Final ProjectTests.xctest */,
				319C1BCB1CC9275000EC91C3 /* Sports App Final ProjectUITests.xctest */,
			);
			name = Products;
			sourceTree = "<group>";
		};
		319C1BA91CC9274F00EC91C3 /* Sports App Final Project */ = {
			isa = PBXGroup;
			children = (
				319C1BAD1CC9274F00EC91C3 /* AppDelegate.h */,
				319C1BAE1CC9274F00EC91C3 /* AppDelegate.m */,
				319C1BB01CC9274F00EC91C3 /* NbaViewController.h */,
				319C1BB11CC9274F00EC91C3 /* NbaViewController.m */,
				319C1BDD1CC92DB600EC91C3 /* MlbViewController.h */,
				319C1BDE1CC92DB600EC91C3 /* MlbViewController.m */,
				319C1BE01CC939EE00EC91C3 /* GameStatsViewController.h */,
				319C1BE11CC939EE00EC91C3 /* GameStatsViewController.m */,
				319C1BE31CC93A0400EC91C3 /* BettingInfoViewController.h */,
				319C1BE41CC93A0400EC91C3 /* BettingInfoViewController.m */,
				319C1BB31CC9274F00EC91C3 /* Main.storyboard */,
				31ED5A381CD3358700EAD9AB /* Chip Filled-28.png */,
				31ED5A391CD3358700EAD9AB /* Chip-28.png */,
				31ED5A3A1CD3358700EAD9AB /* Basketball Filled-28.png */,
				31ED5A3B1CD3358700EAD9AB /* Basketball-28.png */,
				31ED5A3C1CD3358700EAD9AB /* Baseball Filled-28.png */,
				31ED5A3D1CD3358700EAD9AB /* Baseball-28.png */,
				319C1BB61CC9274F00EC91C3 /* Assets.xcassets */,
				319C1BB81CC9275000EC91C3 /* LaunchScreen.storyboard */,
				319C1BBB1CC9275000EC91C3 /* Info.plist */,
				319C1BAA1CC9274F00EC91C3 /* Supporting Files */,
			);
			path = "Sports App Final Project";
			sourceTree = "<group>";
		};
		319C1BAA1CC9274F00EC91C3 /* Supporting Files */ = {
			isa = PBXGroup;
			children = (
				319C1BAB1CC9274F00EC91C3 /* main.m */,
			);
			name = "Supporting Files";
			sourceTree = "<group>";
		};
		319C1BC31CC9275000EC91C3 /* Sports App Final ProjectTests */ = {
			isa = PBXGroup;
			children = (
				319C1BC41CC9275000EC91C3 /* Sports_App_Final_ProjectTests.m */,
				319C1BC61CC9275000EC91C3 /* Info.plist */,
			);
			path = "Sports App Final ProjectTests";
			sourceTree = "<group>";
		};
		319C1BCE1CC9275000EC91C3 /* Sports App Final ProjectUITests */ = {
			isa = PBXGroup;
			children = (
				319C1BCF1CC9275000EC91C3 /* Sports_App_Final_ProjectUITests.m */,
				319C1BD11CC9275000EC91C3 /* Info.plist */,
			);
			path = "Sports App Final ProjectUITests";
			sourceTree = "<group>";
		};
/* End PBXGroup section */

/* Begin PBXNativeTarget section */
		319C1BA61CC9274E00EC91C3 /* Sports App Final Project */ = {
			isa = PBXNativeTarget;
			buildConfigurationList = 319C1BD41CC9275000EC91C3 /* Build configuration list for PBXNativeTarget "Sports App Final Project" */;
			buildPhases = (
				319C1BA31CC9274E00EC91C3 /* Sources */,
				319C1BA41CC9274E00EC91C3 /* Frameworks */,
				319C1BA51CC9274E00EC91C3 /* Resources */,
			);
			buildRules = (
			);
			dependencies = (
			);
			name = "Sports App Final Project";
			productName = "Sports App Final Project";
			productReference = 319C1BA71CC9274F00EC91C3 /* Sports App Final Project.app */;
			productType = "com.apple.product-type.application";
		};
		319C1BBF1CC9275000EC91C3 /* Sports App Final ProjectTests */ = {
			isa = PBXNativeTarget;
			buildConfigurationList = 319C1BD71CC9275000EC91C3 /* Build configuration list for PBXNativeTarget "Sports App Final ProjectTests" */;
			buildPhases = (
				319C1BBC1CC9275000EC91C3 /* Sources */,
				319C1BBD1CC9275000EC91C3 /* Frameworks */,
				319C1BBE1CC9275000EC91C3 /* Resources */,
			);
			buildRules = (
			);
			dependencies = (
				319C1BC21CC9275000EC91C3 /* PBXTargetDependency */,
			);
			name = "Sports App Final ProjectTests";
			productName = "Sports App Final ProjectTests";
			productReference = 319C1BC01CC9275000EC91C3 /* Sports App Final ProjectTests.xctest */;
			productType = "com.apple.product-type.bundle.unit-test";
		};
		319C1BCA1CC9275000EC91C3 /* Sports App Final ProjectUITests */ = {
			isa = PBXNativeTarget;
			buildConfigurationList = 319C1BDA1CC9275000EC91C3 /* Build configuration list for PBXNativeTarget "Sports App Final ProjectUITests" */;
			buildPhases = (
				319C1BC71CC9275000EC91C3 /* Sources */,
				319C1BC81CC9275000EC91C3 /* Frameworks */,
				319C1BC91CC9275000EC91C3 /* Resources */,
			);
			buildRules = (
			);
			dependencies = (
				319C1BCD1CC9275000EC91C3 /* PBXTargetDependency */,
			);
			name = "Sports App Final ProjectUITests";
			productName = "Sports App Final ProjectUITests";
			productReference = 319C1BCB1CC9275000EC91C3 /* Sports App Final ProjectUITests.xctest */;
			productType = "com.apple.product-type.bundle.ui-testing";
		};
/* End PBXNativeTarget section */

/* Begin PBXProject section */
		319C1B9F1CC9274E00EC91C3 /* Project object */ = {
			isa = PBXProject;
			attributes = {
				LastUpgradeCheck = 0720;
				ORGANIZATIONNAME = cis195;
				TargetAttributes = {
					319C1BA61CC9274E00EC91C3 = {
						CreatedOnToolsVersion = 7.2.1;
					};
					319C1BBF1CC9275000EC91C3 = {
						CreatedOnToolsVersion = 7.2.1;
						TestTargetID = 319C1BA61CC9274E00EC91C3;
					};
					319C1BCA1CC9275000EC91C3 = {
						CreatedOnToolsVersion = 7.2.1;
						TestTargetID = 319C1BA61CC9274E00EC91C3;
					};
				};
			};
			buildConfigurationList = 319C1BA21CC9274E00EC91C3 /* Build configuration list for PBXProject "Sports App Final Project" */;
			compatibilityVersion = "Xcode 3.2";
			developmentRegion = English;
			hasScannedForEncodings = 0;
			knownRegions = (
				en,
				Base,
			);
			mainGroup = 319C1B9E1CC9274E00EC91C3;
			productRefGroup = 319C1BA81CC9274F00EC91C3 /* Products */;
			projectDirPath = "";
			projectRoot = "";
			targets = (
				319C1BA61CC9274E00EC91C3 /* Sports App Final Project */,
				319C1BBF1CC9275000EC91C3 /* Sports App Final ProjectTests */,
				319C1BCA1CC9275000EC91C3 /* Sports App Final ProjectUITests */,
			);
		};
/* End PBXProject section */

/* Begin PBXResourcesBuildPhase section */
		319C1BA51CC9274E00EC91C3 /* Resources */ = {
			isa = PBXResourcesBuildPhase;
			buildActionMask = 2147483647;
			files = (
				31ED5A421CD3358700EAD9AB /* Baseball Filled-28.png in Resources */,
				31ED5A431CD3358700EAD9AB /* Baseball-28.png in Resources */,
				31ED5A411CD3358700EAD9AB /* Basketball-28.png in Resources */,
				31ED5A3E1CD3358700EAD9AB /* Chip Filled-28.png in Resources */,
				31ED5A3F1CD3358700EAD9AB /* Chip-28.png in Resources */,
				319C1BBA1CC9275000EC91C3 /* LaunchScreen.storyboard in Resources */,
				319C1BB71CC9274F00EC91C3 /* Assets.xcassets in Resources */,
				319C1BB51CC9274F00EC91C3 /* Main.storyboard in Resources */,
				31ED5A401CD3358700EAD9AB /* Basketball Filled-28.png in Resources */,
			);
			runOnlyForDeploymentPostprocessing = 0;
		};
		319C1BBE1CC9275000EC91C3 /* Resources */ = {
			isa = PBXResourcesBuildPhase;
			buildActionMask = 2147483647;
			files = (
			);
			runOnlyForDeploymentPostprocessing = 0;
		};
		319C1BC91CC9275000EC91C3 /* Resources */ = {
			isa = PBXResourcesBuildPhase;
			buildActionMask = 2147483647;
			files = (
			);
			runOnlyForDeploymentPostprocessing = 0;
		};
/* End PBXResourcesBuildPhase section */

/* Begin PBXSourcesBuildPhase section */
		319C1BA31CC9274E00EC91C3 /* Sources */ = {
			isa = PBXSourcesBuildPhase;
			buildActionMask = 2147483647;
			files = (
				319C1BE21CC939EE00EC91C3 /* GameStatsViewController.m in Sources */,
				319C1BDF1CC92DB600EC91C3 /* MlbViewController.m in Sources */,
				319C1BE51CC93A0400EC91C3 /* BettingInfoViewController.m in Sources */,
				319C1BB21CC9274F00EC91C3 /* NbaViewController.m in Sources */,
				319C1BAF1CC9274F00EC91C3 /* AppDelegate.m in Sources */,
				319C1BAC1CC9274F00EC91C3 /* main.m in Sources */,
			);
			runOnlyForDeploymentPostprocessing = 0;
		};
		319C1BBC1CC9275000EC91C3 /* Sources */ = {
			isa = PBXSourcesBuildPhase;
			buildActionMask = 2147483647;
			files = (
				319C1BC51CC9275000EC91C3 /* Sports_App_Final_ProjectTests.m in Sources */,
			);
			runOnlyForDeploymentPostprocessing = 0;
		};
		319C1BC71CC9275000EC91C3 /* Sources */ = {
			isa = PBXSourcesBuildPhase;
			buildActionMask = 2147483647;
			files = (
				319C1BD01CC9275000EC91C3 /* Sports_App_Final_ProjectUITests.m in Sources */,
			);
			runOnlyForDeploymentPostprocessing = 0;
		};
/* End PBXSourcesBuildPhase section */

/* Begin PBXTargetDependency section */
		319C1BC21CC9275000EC91C3 /* PBXTargetDependency */ = {
			isa = PBXTargetDependency;
			target = 319C1BA61CC9274E00EC91C3 /* Sports App Final Project */;
			targetProxy = 319C1BC11CC9275000EC91C3 /* PBXContainerItemProxy */;
		};
		319C1BCD1CC9275000EC91C3 /* PBXTargetDependency */ = {
			isa = PBXTargetDependency;
			target = 319C1BA61CC9274E00EC91C3 /* Sports App Final Project */;
			targetProxy = 319C1BCC1CC9275000EC91C3 /* PBXContainerItemProxy */;
		};
/* End PBXTargetDependency section */

/* Begin PBXVariantGroup section */
		319C1BB31CC9274F00EC91C3 /* Main.storyboard */ = {
			isa = PBXVariantGroup;
			children = (
				319C1BB41CC9274F00EC91C3 /* Base */,
			);
			name = Main.storyboard;
			sourceTree = "<group>";
		};
		319C1BB81CC9275000EC91C3 /* LaunchScreen.storyboard */ = {
			isa = PBXVariantGroup;
			children = (
				319C1BB91CC9275000EC91C3 /* Base */,
			);
			name = LaunchScreen.storyboard;
			sourceTree = "<group>";
		};
/* End PBXVariantGroup section */

/* Begin XCBuildConfiguration section */
		319C1BD21CC9275000EC91C3 /* Debug */ = {
			isa = XCBuildConfiguration;
			buildSettings = {
				ALWAYS_SEARCH_USER_PATHS = NO;
				CLANG_CXX_LANGUAGE_STANDARD = "gnu++0x";
				CLANG_CXX_LIBRARY = "libc++";
				CLANG_ENABLE_MODULES = YES;
				CLANG_ENABLE_OBJC_ARC = YES;
				CLANG_WARN_BOOL_CONVERSION = YES;
				CLANG_WARN_CONSTANT_CONVERSION = YES;
				CLANG_WARN_DIRECT_OBJC_ISA_USAGE = YES_ERROR;
				CLANG_WARN_EMPTY_BODY = YES;
				CLANG_WARN_ENUM_CONVERSION = YES;
				CLANG_WARN_INT_CONVERSION = YES;
				CLANG_WARN_OBJC_ROOT_CLASS = YES_ERROR;
				CLANG_WARN_UNREACHABLE_CODE = YES;
				CLANG_WARN__DUPLICATE_METHOD_MATCH = YES;
				"CODE_SIGN_IDENTITY[sdk=iphoneos*]" = "iPhone Developer";
				COPY_PHASE_STRIP = NO;
				DEBUG_INFORMATION_FORMAT = dwarf;
				ENABLE_STRICT_OBJC_MSGSEND = YES;
				ENABLE_TESTABILITY = YES;
				GCC_C_LANGUAGE_STANDARD = gnu99;
				GCC_DYNAMIC_NO_PIC = NO;
				GCC_NO_COMMON_BLOCKS = YES;
				GCC_OPTIMIZATION_LEVEL = 0;
				GCC_PREPROCESSOR_DEFINITIONS = (
					"DEBUG=1",
					"$(inherited)",
				);
				GCC_WARN_64_TO_32_BIT_CONVERSION = YES;
				GCC_WARN_ABOUT_RETURN_TYPE = YES_ERROR;
				GCC_WARN_UNDECLARED_SELECTOR = YES;
				GCC_WARN_UNINITIALIZED_AUTOS = YES_AGGRESSIVE;
				GCC_WARN_UNUSED_FUNCTION = YES;
				GCC_WARN_UNUSED_VARIABLE = YES;
				IPHONEOS_DEPLOYMENT_TARGET = 9.2;
				MTL_ENABLE_DEBUG_INFO = YES;
				ONLY_ACTIVE_ARCH = YES;
				SDKROOT = iphoneos;
			};
			name = Debug;
		};
		319C1BD31CC9275000EC91C3 /* Release */ = {
			isa = XCBuildConfiguration;
			buildSettings = {
				ALWAYS_SEARCH_USER_PATHS = NO;
				CLANG_CXX_LANGUAGE_STANDARD = "gnu++0x";
				CLANG_CXX_LIBRARY = "libc++";
				CLANG_ENABLE_MODULES = YES;
				CLANG_ENABLE_OBJC_ARC = YES;
				CLANG_WARN_BOOL_CONVERSION = YES;
				CLANG_WARN_CONSTANT_CONVERSION = YES;
				CLANG_WARN_DIRECT_OBJC_ISA_USAGE = YES_ERROR;
				CLANG_WARN_EMPTY_BODY = YES;
				CLANG_WARN_ENUM_CONVERSION = YES;
				CLANG_WARN_INT_CONVERSION = YES;
				CLANG_WARN_OBJC_ROOT_CLASS = YES_ERROR;
				CLANG_WARN_UNREACHABLE_CODE = YES;
				CLANG_WARN__DUPLICATE_METHOD_MATCH = YES;
				"CODE_SIGN_IDENTITY[sdk=iphoneos*]" = "iPhone Developer";
				COPY_PHASE_STRIP = NO;
				DEBUG_INFORMATION_FORMAT = "dwarf-with-dsym";
				ENABLE_NS_ASSERTIONS = NO;
				ENABLE_STRICT_OBJC_MSGSEND = YES;
				GCC_C_LANGUAGE_STANDARD = gnu99;
				GCC_NO_COMMON_BLOCKS = YES;
				GCC_WARN_64_TO_32_BIT_CONVERSION = YES;
				GCC_WARN_ABOUT_RETURN_TYPE = YES_ERROR;
				GCC_WARN_UNDECLARED_SELECTOR = YES;
				GCC_WARN_UNINITIALIZED_AUTOS = YES_AGGRESSIVE;
				GCC_WARN_UNUSED_FUNCTION = YES;
				GCC_WARN_UNUSED_VARIABLE = YES;
				IPHONEOS_DEPLOYMENT_TARGET = 9.2;
				MTL_ENABLE_DEBUG_INFO = NO;
				SDKROOT = iphoneos;
				VALIDATE_PRODUCT = YES;
			};
			name = Release;
		};
		319C1BD51CC9275000EC91C3 /* Debug */ = {
			isa = XCBuildConfiguration;
			buildSettings = {
				ASSETCATALOG_COMPILER_APPICON_NAME = AppIcon;
				INFOPLIST_FILE = "Sports App Final Project/Info.plist";
				LD_RUNPATH_SEARCH_PATHS = "$(inherited) @executable_path/Frameworks";
				PRODUCT_BUNDLE_IDENTIFIER = "complete-raman-yahoo.com.195.Sports-App-Final-Project";
				PRODUCT_NAME = "$(TARGET_NAME)";
			};
			name = Debug;
		};
		319C1BD61CC9275000EC91C3 /* Release */ = {
			isa = XCBuildConfiguration;
			buildSettings = {
				ASSETCATALOG_COMPILER_APPICON_NAME = AppIcon;
				INFOPLIST_FILE = "Sports App Final Project/Info.plist";
				LD_RUNPATH_SEARCH_PATHS = "$(inherited) @executable_path/Frameworks";
				PRODUCT_BUNDLE_IDENTIFIER = "complete-raman-yahoo.com.195.Sports-App-Final-Project";
				PRODUCT_NAME = "$(TARGET_NAME)";
			};
			name = Release;
		};
		319C1BD81CC9275000EC91C3 /* Debug */ = {
			isa = XCBuildConfiguration;
			buildSettings = {
				BUNDLE_LOADER = "$(TEST_HOST)";
				INFOPLIST_FILE = "Sports App Final ProjectTests/Info.plist";
				LD_RUNPATH_SEARCH_PATHS = "$(inherited) @executable_path/Frameworks @loader_path/Frameworks";
				PRODUCT_BUNDLE_IDENTIFIER = "complete-raman-yahoo.com.195.Sports-App-Final-ProjectTests";
				PRODUCT_NAME = "$(TARGET_NAME)";
				TEST_HOST = "$(BUILT_PRODUCTS_DIR)/Sports App Final Project.app/Sports App Final Project";
			};
			name = Debug;
		};
		319C1BD91CC9275000EC91C3 /* Release */ = {
			isa = XCBuildConfiguration;
			buildSettings = {
				BUNDLE_LOADER = "$(TEST_HOST)";
				INFOPLIST_FILE = "Sports App Final ProjectTests/Info.plist";
				LD_RUNPATH_SEARCH_PATHS = "$(inherited) @executable_path/Frameworks @loader_path/Frameworks";
				PRODUCT_BUNDLE_IDENTIFIER = "complete-raman-yahoo.com.195.Sports-App-Final-ProjectTests";
				PRODUCT_NAME = "$(TARGET_NAME)";
				TEST_HOST = "$(BUILT_PRODUCTS_DIR)/Sports App Final Project.app/Sports App Final Project";
			};
			name = Release;
		};
		319C1BDB1CC9275000EC91C3 /* Debug */ = {
			isa = XCBuildConfiguration;
			buildSettings = {
				INFOPLIST_FILE = "Sports App Final ProjectUITests/Info.plist";
				LD_RUNPATH_SEARCH_PATHS = "$(inherited) @executable_path/Frameworks @loader_path/Frameworks";
				PRODUCT_BUNDLE_IDENTIFIER = "complete-raman-yahoo.com.195.Sports-App-Final-ProjectUITests";
				PRODUCT_NAME = "$(TARGET_NAME)";
				TEST_TARGET_NAME = "Sports App Final Project";
				USES_XCTRUNNER = YES;
			};
			name = Debug;
		};
		319C1BDC1CC9275000EC91C3 /* Release */ = {
			isa = XCBuildConfiguration;
			buildSettings = {
				INFOPLIST_FILE = "Sports App Final ProjectUITests/Info.plist";
				LD_RUNPATH_SEARCH_PATHS = "$(inherited) @executable_path/Frameworks @loader_path/Frameworks";
				PRODUCT_BUNDLE_IDENTIFIER = "complete-raman-yahoo.com.195.Sports-App-Final-ProjectUITests";
				PRODUCT_NAME = "$(TARGET_NAME)";
				TEST_TARGET_NAME = "Sports App Final Project";
				USES_XCTRUNNER = YES;
			};
			name = Release;
		};
/* End XCBuildConfiguration section */

/* Begin XCConfigurationList section */
		319C1BA21CC9274E00EC91C3 /* Build configuration list for PBXProject "Sports App Final Project" */ = {
			isa = XCConfigurationList;
			buildConfigurations = (
				319C1BD21CC9275000EC91C3 /* Debug */,
				319C1BD31CC9275000EC91C3 /* Release */,
			);
			defaultConfigurationIsVisible = 0;
			defaultConfigurationName = Release;
		};
		319C1BD41CC9275000EC91C3 /* Build configuration list for PBXNativeTarget "Sports App Final Project" */ = {
			isa = XCConfigurationList;
			buildConfigurations = (
				319C1BD51CC9275000EC91C3 /* Debug */,
				319C1BD61CC9275000EC91C3 /* Release */,
			);
			defaultConfigurationIsVisible = 0;
			defaultConfigurationName = Release;
		};
		319C1BD71CC9275000EC91C3 /* Build configuration list for PBXNativeTarget "Sports App Final ProjectTests" */ = {
			isa = XCConfigurationList;
			buildConfigurations = (
				319C1BD81CC9275000EC91C3 /* Debug */,
				319C1BD91CC9275000EC91C3 /* Release */,
			);
			defaultConfigurationIsVisible = 0;
			defaultConfigurationName = Release;
		};
		319C1BDA1CC9275000EC91C3 /* Build configuration list for PBXNativeTarget "Sports App Final ProjectUITests" */ = {
			isa = XCConfigurationList;
			buildConfigurations = (
				319C1BDB1CC9275000EC91C3 /* Debug */,
				319C1BDC1CC9275000EC91C3 /* Release */,
			);
			defaultConfigurationIsVisible = 0;
			defaultConfigurationName = Release;
		};
/* End XCConfigurationList section */
	};
	rootObject = 319C1B9F1CC9274E00EC91C3 /* Project object */;
}
